// !$*UTF8*$!
{
	archiveVersion = 1;
	classes = {};
	objectVersion = 77;
	objects = {

/* Begin PBXBuildFile section */
		B10000000000000000000001 /* App.swift in Sources */ = {isa = PBXBuildFile; fileRef = F10000000000000000000001 /* App.swift */; };
		B10000000000000000000002 /* RootView.swift in Sources */ = {isa = PBXBuildFile; fileRef = F10000000000000000000002 /* RootView.swift */; };
		B10000000000000000000003 /* SpatialSession.swift in Sources */ = {isa = PBXBuildFile; fileRef = F10000000000000000000003 /* SpatialSession.swift */; };
		B10000000000000000000004 /* CameraSurface.swift in Sources */ = {isa = PBXBuildFile; fileRef = F10000000000000000000004 /* CameraSurface.swift */; };
		B10000000000000000000009 /* GatewayClient.swift in Sources */ = {isa = PBXBuildFile; fileRef = F10000000000000000000007 /* GatewayClient.swift */; };
		B10000000000000000000005 /* SpatialProtocol in Frameworks */ = {isa = PBXBuildFile; productRef = D10000000000000000000001 /* SpatialProtocol */; };
		B10000000000000000000006 /* EditCore in Frameworks */ = {isa = PBXBuildFile; productRef = D10000000000000000000002 /* EditCore */; };
		B10000000000000000000007 /* CaptureCore in Frameworks */ = {isa = PBXBuildFile; productRef = D10000000000000000000003 /* CaptureCore */; };
		B10000000000000000000008 /* RenderCore in Frameworks */ = {isa = PBXBuildFile; productRef = D10000000000000000000004 /* RenderCore */; };
/* End PBXBuildFile section */

/* Begin PBXFileReference section */
		F10000000000000000000001 /* App.swift */ = {isa = PBXFileReference; lastKnownFileType = sourcecode.swift; path = App.swift; sourceTree = "<group>"; };
		F10000000000000000000002 /* RootView.swift */ = {isa = PBXFileReference; lastKnownFileType = sourcecode.swift; path = RootView.swift; sourceTree = "<group>"; };
		F10000000000000000000003 /* SpatialSession.swift */ = {isa = PBXFileReference; lastKnownFileType = sourcecode.swift; path = SpatialSession.swift; sourceTree = "<group>"; };
		F10000000000000000000004 /* CameraSurface.swift */ = {isa = PBXFileReference; lastKnownFileType = sourcecode.swift; path = CameraSurface.swift; sourceTree = "<group>"; };
		F10000000000000000000005 /* Info.plist */ = {isa = PBXFileReference; lastKnownFileType = text.plist.xml; path = Info.plist; sourceTree = "<group>"; };
		F10000000000000000000006 /* Reframe.app */ = {isa = PBXFileReference; explicitFileType = wrapper.application; includeInIndex = 0; path = Reframe.app; sourceTree = BUILT_PRODUCTS_DIR; };
		F10000000000000000000007 /* GatewayClient.swift */ = {isa = PBXFileReference; lastKnownFileType = sourcecode.swift; path = GatewayClient.swift; sourceTree = "<group>"; };
/* End PBXFileReference section */

/* Begin PBXFrameworksBuildPhase section */
		P10000000000000000000002 /* Frameworks */ = {
			isa = PBXFrameworksBuildPhase;
			buildActionMask = 2147483647;
			files = (
				B10000000000000000000005 /* SpatialProtocol in Frameworks */,
				B10000000000000000000006 /* EditCore in Frameworks */,
				B10000000000000000000007 /* CaptureCore in Frameworks */,
				B10000000000000000000008 /* RenderCore in Frameworks */,
			);
			runOnlyForDeploymentPostprocessing = 0;
		};
/* End PBXFrameworksBuildPhase section */

/* Begin PBXGroup section */
		G10000000000000000000001 = {
			isa = PBXGroup;
			children = (
				G10000000000000000000002 /* Reframe */,
				G10000000000000000000003 /* Products */,
			);
			sourceTree = "<group>";
		};
		G10000000000000000000002 /* Reframe */ = {
			isa = PBXGroup;
			children = (
				F10000000000000000000001 /* App.swift */,
				F10000000000000000000002 /* RootView.swift */,
				F10000000000000000000003 /* SpatialSession.swift */,
				F10000000000000000000004 /* CameraSurface.swift */,
				F10000000000000000000007 /* GatewayClient.swift */,
				F10000000000000000000005 /* Info.plist */,
			);
			path = Reframe;
			sourceTree = "<group>";
		};
		G10000000000000000000003 /* Products */ = {
			isa = PBXGroup;
			children = (
				F10000000000000000000006 /* Reframe.app */,
			);
			name = Products;
			sourceTree = "<group>";
		};
/* End PBXGroup section */

/* Begin PBXNativeTarget section */
		T10000000000000000000001 /* Reframe */ = {
			isa = PBXNativeTarget;
			buildConfigurationList = L10000000000000000000001 /* Build configuration list for PBXNativeTarget "Reframe" */;
			buildPhases = (
				P10000000000000000000001 /* Sources */,
				P10000000000000000000002 /* Frameworks */,
				P10000000000000000000003 /* Resources */,
			);
			buildRules = ();
			dependencies = ();
			name = Reframe;
			packageProductDependencies = (
				D10000000000000000000001 /* SpatialProtocol */,
				D10000000000000000000002 /* EditCore */,
				D10000000000000000000003 /* CaptureCore */,
				D10000000000000000000004 /* RenderCore */,
			);
			productName = Reframe;
			productReference = F10000000000000000000006 /* Reframe.app */;
			productType = "com.apple.product-type.application";
		};
/* End PBXNativeTarget section */

/* Begin PBXProject section */
		J10000000000000000000001 /* Project object */ = {
			isa = PBXProject;
			attributes = {
				BuildIndependentTargetsInParallel = 1;
				LastSwiftUpdateCheck = 2640;
				LastUpgradeCheck = 2640;
				TargetAttributes = {
					T10000000000000000000001 = { CreatedOnToolsVersion = 26.4; };
				};
			};
			buildConfigurationList = L10000000000000000000002 /* Build configuration list for PBXProject "Reframe" */;
			developmentRegion = en;
			hasScannedForEncodings = 0;
			knownRegions = (en, Base);
			mainGroup = G10000000000000000000001;
			minimizedProjectReferenceProxies = 1;
			packageReferences = (
				K10000000000000000000001 /* XCLocalSwiftPackageReference "../Packages/SpatialCore" */,
			);
			preferredProjectObjectVersion = 77;
			productRefGroup = G10000000000000000000003 /* Products */;
			projectDirPath = "";
			projectRoot = "";
			targets = (T10000000000000000000001 /* Reframe */);
		};
/* End PBXProject section */

/* Begin PBXResourcesBuildPhase section */
		P10000000000000000000003 /* Resources */ = {
			isa = PBXResourcesBuildPhase;
			buildActionMask = 2147483647;
			files = ();
			runOnlyForDeploymentPostprocessing = 0;
		};
/* End PBXResourcesBuildPhase section */

/* Begin PBXSourcesBuildPhase section */
		P10000000000000000000001 /* Sources */ = {
			isa = PBXSourcesBuildPhase;
			buildActionMask = 2147483647;
			files = (
				B10000000000000000000001 /* App.swift in Sources */,
				B10000000000000000000002 /* RootView.swift in Sources */,
				B10000000000000000000003 /* SpatialSession.swift in Sources */,
				B10000000000000000000004 /* CameraSurface.swift in Sources */,
				B10000000000000000000009 /* GatewayClient.swift in Sources */,
			);
			runOnlyForDeploymentPostprocessing = 0;
		};
/* End PBXSourcesBuildPhase section */

/* Begin XCBuildConfiguration section */
		C10000000000000000000001 /* Debug */ = {
			isa = XCBuildConfiguration;
			buildSettings = {
				ASSETCATALOG_COMPILER_GENERATE_SWIFT_ASSET_SYMBOL_EXTENSIONS = YES;
				CODE_SIGN_STYLE = Automatic;
				CURRENT_PROJECT_VERSION = 1;
				GENERATE_INFOPLIST_FILE = NO;
				INFOPLIST_FILE = Reframe/Info.plist;
				IPHONEOS_DEPLOYMENT_TARGET = 18.0;
				LD_RUNPATH_SEARCH_PATHS = ("$(inherited)", "@executable_path/Frameworks");
				MARKETING_VERSION = 1.0.0;
				PRODUCT_BUNDLE_IDENTIFIER = com.reframe.app;
				PRODUCT_NAME = "$(TARGET_NAME)";
				SUPPORTED_PLATFORMS = "iphoneos iphonesimulator";
				SUPPORTS_MACCATALYST = NO;
				SWIFT_ACTIVE_COMPILATION_CONDITIONS = "DEBUG $(inherited)";
				SWIFT_EMIT_LOC_STRINGS = YES;
				SWIFT_VERSION = 6.0;
				TARGETED_DEVICE_FAMILY = 1;
			};
			name = Debug;
		};
		C10000000000000000000002 /* Release */ = {
			isa = XCBuildConfiguration;
			buildSettings = {
				ASSETCATALOG_COMPILER_GENERATE_SWIFT_ASSET_SYMBOL_EXTENSIONS = YES;
				CODE_SIGN_STYLE = Automatic;
				CURRENT_PROJECT_VERSION = 1;
				GENERATE_INFOPLIST_FILE = NO;
				INFOPLIST_FILE = Reframe/Info.plist;
				IPHONEOS_DEPLOYMENT_TARGET = 18.0;
				LD_RUNPATH_SEARCH_PATHS = ("$(inherited)", "@executable_path/Frameworks");
				MARKETING_VERSION = 1.0.0;
				PRODUCT_BUNDLE_IDENTIFIER = com.reframe.app;
				PRODUCT_NAME = "$(TARGET_NAME)";
				SUPPORTED_PLATFORMS = "iphoneos iphonesimulator";
				SUPPORTS_MACCATALYST = NO;
				SWIFT_EMIT_LOC_STRINGS = YES;
				SWIFT_VERSION = 6.0;
				TARGETED_DEVICE_FAMILY = 1;
				VALIDATE_PRODUCT = YES;
			};
			name = Release;
		};
		C10000000000000000000003 /* Debug */ = {
			isa = XCBuildConfiguration;
			buildSettings = {
				ALWAYS_SEARCH_USER_PATHS = NO;
				CLANG_ENABLE_MODULES = YES;
				COPY_PHASE_STRIP = NO;
				DEBUG_INFORMATION_FORMAT = dwarf;
				ENABLE_TESTABILITY = YES;
				GCC_C_LANGUAGE_STANDARD = gnu17;
				IPHONEOS_DEPLOYMENT_TARGET = 18.0;
				ONLY_ACTIVE_ARCH = YES;
				SDKROOT = iphoneos;
				SWIFT_ACTIVE_COMPILATION_CONDITIONS = DEBUG;
				SWIFT_OPTIMIZATION_LEVEL = "-Onone";
			};
			name = Debug;
		};
		C10000000000000000000004 /* Release */ = {
			isa = XCBuildConfiguration;
			buildSettings = {
				ALWAYS_SEARCH_USER_PATHS = NO;
				CLANG_ENABLE_MODULES = YES;
				DEBUG_INFORMATION_FORMAT = "dwarf-with-dsym";
				GCC_C_LANGUAGE_STANDARD = gnu17;
				IPHONEOS_DEPLOYMENT_TARGET = 18.0;
				SDKROOT = iphoneos;
				SWIFT_COMPILATION_MODE = wholemodule;
			};
			name = Release;
		};
/* End XCBuildConfiguration section */

/* Begin XCConfigurationList section */
		L10000000000000000000001 /* Build configuration list for PBXNativeTarget "Reframe" */ = {
			isa = XCConfigurationList;
			buildConfigurations = (C10000000000000000000001 /* Debug */, C10000000000000000000002 /* Release */);
			defaultConfigurationIsVisible = 0;
			defaultConfigurationName = Release;
		};
		L10000000000000000000002 /* Build configuration list for PBXProject "Reframe" */ = {
			isa = XCConfigurationList;
			buildConfigurations = (C10000000000000000000003 /* Debug */, C10000000000000000000004 /* Release */);
			defaultConfigurationIsVisible = 0;
			defaultConfigurationName = Release;
		};
/* End XCConfigurationList section */

/* Begin XCLocalSwiftPackageReference section */
		K10000000000000000000001 /* XCLocalSwiftPackageReference "../Packages/SpatialCore" */ = {
			isa = XCLocalSwiftPackageReference;
			relativePath = ../Packages/SpatialCore;
		};
/* End XCLocalSwiftPackageReference section */

/* Begin XCSwiftPackageProductDependency section */
		D10000000000000000000001 /* SpatialProtocol */ = {isa = XCSwiftPackageProductDependency; productName = SpatialProtocol; };
		D10000000000000000000002 /* EditCore */ = {isa = XCSwiftPackageProductDependency; productName = EditCore; };
		D10000000000000000000003 /* CaptureCore */ = {isa = XCSwiftPackageProductDependency; productName = CaptureCore; };
		D10000000000000000000004 /* RenderCore */ = {isa = XCSwiftPackageProductDependency; productName = RenderCore; };
/* End XCSwiftPackageProductDependency section */
	};
	rootObject = J10000000000000000000001 /* Project object */;
}
