// !$*UTF8*$!
{
	archiveVersion = 1;
	classes = {
	};
	objectVersion = 77;
	objects = {

/* Begin PBXBuildFile section */
		A10000000000000000000001 /* App.swift in Sources */ = {isa = PBXBuildFile; fileRef = A20000000000000000000001 /* App.swift */; };
		A10000000000000000000002 /* DeviceProofModel.swift in Sources */ = {isa = PBXBuildFile; fileRef = A20000000000000000000002 /* DeviceProofModel.swift */; };
		A10000000000000000000003 /* ReRoomContracts in Frameworks */ = {isa = PBXBuildFile; productRef = A30000000000000000000001 /* ReRoomContracts */; };
		A10000000000000000000004 /* ARSessionPolicyTests.swift in Sources */ = {isa = PBXBuildFile; fileRef = A20000000000000000000006 /* ARSessionPolicyTests.swift */; };
		A10000000000000000000005 /* PermissionController.swift in Sources */ = {isa = PBXBuildFile; fileRef = A20000000000000000000003 /* PermissionController.swift */; };
		A10000000000000000000006 /* ARSessionController.swift in Sources */ = {isa = PBXBuildFile; fileRef = A20000000000000000000004 /* ARSessionController.swift */; };
		A10000000000000000000007 /* OrientationGate.swift in Sources */ = {isa = PBXBuildFile; fileRef = A20000000000000000000009 /* OrientationGate.swift */; };
		A10000000000000000000008 /* WorldEpochController.swift in Sources */ = {isa = PBXBuildFile; fileRef = A2000000000000000000000A /* WorldEpochController.swift */; };
		A10000000000000000000009 /* CaptureAttemptMachine.swift in Sources */ = {isa = PBXBuildFile; fileRef = A2000000000000000000000B /* CaptureAttemptMachine.swift */; };
		A1000000000000000000000A /* CaptureAttemptTests.swift in Sources */ = {isa = PBXBuildFile; fileRef = A2000000000000000000000C /* CaptureAttemptTests.swift */; };
		A1000000000000000000000B /* WorldEpochTests.swift in Sources */ = {isa = PBXBuildFile; fileRef = A2000000000000000000000D /* WorldEpochTests.swift */; };
		A1000000000000000000000C /* FramePacketBuilder.swift in Sources */ = {isa = PBXBuildFile; fileRef = A2000000000000000000000E /* FramePacketBuilder.swift */; };
		A1000000000000000000000D /* DiagnosticJournal.swift in Sources */ = {isa = PBXBuildFile; fileRef = A2000000000000000000000F /* DiagnosticJournal.swift */; };
		A1000000000000000000000E /* frame-packet.schema.json in Resources */ = {isa = PBXBuildFile; fileRef = A20000000000000000000010 /* frame-packet.schema.json */; };
		A1000000000000000000000F /* rrcap-manifest.schema.json in Resources */ = {isa = PBXBuildFile; fileRef = A20000000000000000000011 /* rrcap-manifest.schema.json */; };
		A10000000000000000000010 /* scene-state.schema.json in Resources */ = {isa = PBXBuildFile; fileRef = A20000000000000000000012 /* scene-state.schema.json */; };
		A10000000000000000000011 /* edit-artifacts.schema.json in Resources */ = {isa = PBXBuildFile; fileRef = A20000000000000000000013 /* edit-artifacts.schema.json */; };
		A10000000000000000000012 /* transaction.schema.json in Resources */ = {isa = PBXBuildFile; fileRef = A20000000000000000000014 /* transaction.schema.json */; };
		A10000000000000000000013 /* frame-packet.schema.json in App Resources */ = {isa = PBXBuildFile; fileRef = A20000000000000000000010 /* frame-packet.schema.json */; };
		A10000000000000000000014 /* rrcap-manifest.schema.json in App Resources */ = {isa = PBXBuildFile; fileRef = A20000000000000000000011 /* rrcap-manifest.schema.json */; };
		A10000000000000000000015 /* scene-state.schema.json in App Resources */ = {isa = PBXBuildFile; fileRef = A20000000000000000000012 /* scene-state.schema.json */; };
		A10000000000000000000016 /* edit-artifacts.schema.json in App Resources */ = {isa = PBXBuildFile; fileRef = A20000000000000000000013 /* edit-artifacts.schema.json */; };
		A10000000000000000000017 /* transaction.schema.json in App Resources */ = {isa = PBXBuildFile; fileRef = A20000000000000000000014 /* transaction.schema.json */; };
		B10000000000000000000001 /* EvidenceExporterTests.swift in Sources */ = {isa = PBXBuildFile; fileRef = B20000000000000000000001 /* EvidenceExporterTests.swift */; };
		B10000000000000000000002 /* EvidenceExporter.swift in Sources */ = {isa = PBXBuildFile; fileRef = B20000000000000000000002 /* EvidenceExporter.swift */; };
		B10000000000000000000003 /* DiagnosticChecklistView.swift in Sources */ = {isa = PBXBuildFile; fileRef = B20000000000000000000003 /* DiagnosticChecklistView.swift */; };
		C10000000000000000000001 /* DiagnosticSurfaceTests.swift in Sources */ = {isa = PBXBuildFile; fileRef = C20000000000000000000001 /* DiagnosticSurfaceTests.swift */; };
		D10000000000000000000001 /* ReleaseSmokeTests.swift in Sources */ = {isa = PBXBuildFile; fileRef = D20000000000000000000001 /* ReleaseSmokeTests.swift */; };
		E10000000000000000000001 /* CaptureSessionAdapterTests.swift in Sources */ = {isa = PBXBuildFile; fileRef = E20000000000000000000001 /* CaptureSessionAdapterTests.swift */; };
		E10000000000000000000002 /* ReRoomCaptureCore in Frameworks */ = {isa = PBXBuildFile; productRef = E30000000000000000000001 /* ReRoomCaptureCore */; };
		E10000000000000000000004 /* CaptureSessionAdapter.swift in Sources */ = {isa = PBXBuildFile; fileRef = E20000000000000000000002 /* CaptureSessionAdapter.swift */; };
		F10000000000000000000001 /* RoomEditModel.swift in Sources */ = {isa = PBXBuildFile; fileRef = F20000000000000000000001 /* RoomEditModel.swift */; };
		F10000000000000000000002 /* RoomEditModelTests.swift in Sources */ = {isa = PBXBuildFile; fileRef = F20000000000000000000002 /* RoomEditModelTests.swift */; };
		F10000000000000000000003 /* ReRoomTransactionCore in Frameworks */ = {isa = PBXBuildFile; productRef = F30000000000000000000001 /* ReRoomTransactionCore */; };
/* End PBXBuildFile section */

/* Begin PBXContainerItemProxy section */
		A40000000000000000000001 /* PBXContainerItemProxy */ = {
			isa = PBXContainerItemProxy;
			containerPortal = A50000000000000000000001 /* Project object */;
			proxyType = 1;
			remoteGlobalIDString = A60000000000000000000001;
			remoteInfo = ReRoomDeviceProof;
		};
		C40000000000000000000001 /* PBXContainerItemProxy */ = {
			isa = PBXContainerItemProxy;
			containerPortal = A50000000000000000000001 /* Project object */;
			proxyType = 1;
			remoteGlobalIDString = A60000000000000000000001;
			remoteInfo = ReRoomDeviceProof;
		};
/* End PBXContainerItemProxy section */

/* Begin PBXFileReference section */
		A20000000000000000000001 /* App.swift */ = {isa = PBXFileReference; lastKnownFileType = sourcecode.swift; path = App.swift; sourceTree = "<group>"; };
		A20000000000000000000002 /* DeviceProofModel.swift */ = {isa = PBXFileReference; lastKnownFileType = sourcecode.swift; path = DeviceProofModel.swift; sourceTree = "<group>"; };
		A20000000000000000000003 /* PermissionController.swift */ = {isa = PBXFileReference; lastKnownFileType = sourcecode.swift; path = PermissionController.swift; sourceTree = "<group>"; };
		A20000000000000000000004 /* ARSessionController.swift */ = {isa = PBXFileReference; lastKnownFileType = sourcecode.swift; path = ARSessionController.swift; sourceTree = "<group>"; };
		A20000000000000000000005 /* Info.plist */ = {isa = PBXFileReference; lastKnownFileType = text.plist.xml; path = Info.plist; sourceTree = "<group>"; };
		A20000000000000000000006 /* ARSessionPolicyTests.swift */ = {isa = PBXFileReference; lastKnownFileType = sourcecode.swift; path = ARSessionPolicyTests.swift; sourceTree = "<group>"; };
		A20000000000000000000007 /* ReRoomDeviceProof.app */ = {isa = PBXFileReference; explicitFileType = wrapper.application; includeInIndex = 0; path = ReRoomDeviceProof.app; sourceTree = BUILT_PRODUCTS_DIR; };
		A20000000000000000000008 /* ReRoomDeviceProofTests.xctest */ = {isa = PBXFileReference; explicitFileType = wrapper.cfbundle; includeInIndex = 0; path = ReRoomDeviceProofTests.xctest; sourceTree = BUILT_PRODUCTS_DIR; };
		A20000000000000000000009 /* OrientationGate.swift */ = {isa = PBXFileReference; lastKnownFileType = sourcecode.swift; path = OrientationGate.swift; sourceTree = "<group>"; };
		A2000000000000000000000A /* WorldEpochController.swift */ = {isa = PBXFileReference; lastKnownFileType = sourcecode.swift; path = WorldEpochController.swift; sourceTree = "<group>"; };
		A2000000000000000000000B /* CaptureAttemptMachine.swift */ = {isa = PBXFileReference; lastKnownFileType = sourcecode.swift; path = CaptureAttemptMachine.swift; sourceTree = "<group>"; };
		A2000000000000000000000C /* CaptureAttemptTests.swift */ = {isa = PBXFileReference; lastKnownFileType = sourcecode.swift; path = CaptureAttemptTests.swift; sourceTree = "<group>"; };
		A2000000000000000000000D /* WorldEpochTests.swift */ = {isa = PBXFileReference; lastKnownFileType = sourcecode.swift; path = WorldEpochTests.swift; sourceTree = "<group>"; };
		A2000000000000000000000E /* FramePacketBuilder.swift */ = {isa = PBXFileReference; lastKnownFileType = sourcecode.swift; path = FramePacketBuilder.swift; sourceTree = "<group>"; };
		A2000000000000000000000F /* DiagnosticJournal.swift */ = {isa = PBXFileReference; lastKnownFileType = sourcecode.swift; path = DiagnosticJournal.swift; sourceTree = "<group>"; };
		A20000000000000000000010 /* frame-packet.schema.json */ = {isa = PBXFileReference; lastKnownFileType = text.json; path = ../../docs/contracts/frame-packet.schema.json; sourceTree = SOURCE_ROOT; };
		A20000000000000000000011 /* rrcap-manifest.schema.json */ = {isa = PBXFileReference; lastKnownFileType = text.json; path = ../../docs/contracts/rrcap-manifest.schema.json; sourceTree = SOURCE_ROOT; };
		A20000000000000000000012 /* scene-state.schema.json */ = {isa = PBXFileReference; lastKnownFileType = text.json; path = ../../docs/contracts/scene-state.schema.json; sourceTree = SOURCE_ROOT; };
		A20000000000000000000013 /* edit-artifacts.schema.json */ = {isa = PBXFileReference; lastKnownFileType = text.json; path = ../../docs/contracts/edit-artifacts.schema.json; sourceTree = SOURCE_ROOT; };
		A20000000000000000000014 /* transaction.schema.json */ = {isa = PBXFileReference; lastKnownFileType = text.json; path = ../../docs/contracts/transaction.schema.json; sourceTree = SOURCE_ROOT; };
		B20000000000000000000001 /* EvidenceExporterTests.swift */ = {isa = PBXFileReference; lastKnownFileType = sourcecode.swift; path = EvidenceExporterTests.swift; sourceTree = "<group>"; };
		B20000000000000000000002 /* EvidenceExporter.swift */ = {isa = PBXFileReference; lastKnownFileType = sourcecode.swift; path = EvidenceExporter.swift; sourceTree = "<group>"; };
		B20000000000000000000003 /* DiagnosticChecklistView.swift */ = {isa = PBXFileReference; lastKnownFileType = sourcecode.swift; path = DiagnosticChecklistView.swift; sourceTree = "<group>"; };
		C20000000000000000000001 /* DiagnosticSurfaceTests.swift */ = {isa = PBXFileReference; lastKnownFileType = sourcecode.swift; path = DiagnosticSurfaceTests.swift; sourceTree = "<group>"; };
		C20000000000000000000002 /* ReRoomDeviceProofUITests.xctest */ = {isa = PBXFileReference; explicitFileType = wrapper.cfbundle; includeInIndex = 0; path = ReRoomDeviceProofUITests.xctest; sourceTree = BUILT_PRODUCTS_DIR; };
		D20000000000000000000001 /* ReleaseSmokeTests.swift */ = {isa = PBXFileReference; lastKnownFileType = sourcecode.swift; path = ReleaseSmokeTests.swift; sourceTree = "<group>"; };
		E20000000000000000000001 /* CaptureSessionAdapterTests.swift */ = {isa = PBXFileReference; lastKnownFileType = sourcecode.swift; path = CaptureSessionAdapterTests.swift; sourceTree = "<group>"; };
		E20000000000000000000002 /* CaptureSessionAdapter.swift */ = {isa = PBXFileReference; lastKnownFileType = sourcecode.swift; path = CaptureSessionAdapter.swift; sourceTree = "<group>"; };
		F20000000000000000000001 /* RoomEditModel.swift */ = {isa = PBXFileReference; lastKnownFileType = sourcecode.swift; path = RoomEditModel.swift; sourceTree = "<group>"; };
		F20000000000000000000002 /* RoomEditModelTests.swift */ = {isa = PBXFileReference; lastKnownFileType = sourcecode.swift; path = RoomEditModelTests.swift; sourceTree = "<group>"; };
/* End PBXFileReference section */

/* Begin PBXFrameworksBuildPhase section */
		A70000000000000000000001 /* Frameworks */ = {
			isa = PBXFrameworksBuildPhase;
			buildActionMask = 2147483647;
			files = (
				A10000000000000000000003 /* ReRoomContracts in Frameworks */,
				E10000000000000000000002 /* ReRoomCaptureCore in Frameworks */,
				F10000000000000000000003 /* ReRoomTransactionCore in Frameworks */,
			);
			runOnlyForDeploymentPostprocessing = 0;
		};
		A70000000000000000000002 /* Frameworks */ = {
			isa = PBXFrameworksBuildPhase;
			buildActionMask = 2147483647;
			files = (
			);
			runOnlyForDeploymentPostprocessing = 0;
		};
		C70000000000000000000001 /* Frameworks */ = {
			isa = PBXFrameworksBuildPhase;
			buildActionMask = 2147483647;
			files = (
			);
			runOnlyForDeploymentPostprocessing = 0;
		};
/* End PBXFrameworksBuildPhase section */

/* Begin PBXGroup section */
		A80000000000000000000001 = {
			isa = PBXGroup;
			children = (
				A80000000000000000000002 /* ReRoomDeviceProof */,
				A80000000000000000000003 /* ReRoomDeviceProofTests */,
				C80000000000000000000001 /* ReRoomDeviceProofUITests */,
				A80000000000000000000005 /* Contract Test Resources */,
				A80000000000000000000004 /* Products */,
			);
			sourceTree = "<group>";
		};
		A80000000000000000000002 /* ReRoomDeviceProof */ = {
			isa = PBXGroup;
			children = (
				A20000000000000000000001 /* App.swift */,
				F20000000000000000000001 /* RoomEditModel.swift */,
				E20000000000000000000002 /* CaptureSessionAdapter.swift */,
				A20000000000000000000002 /* DeviceProofModel.swift */,
				A20000000000000000000003 /* PermissionController.swift */,
				A20000000000000000000004 /* ARSessionController.swift */,
				A20000000000000000000009 /* OrientationGate.swift */,
				A2000000000000000000000A /* WorldEpochController.swift */,
				A2000000000000000000000B /* CaptureAttemptMachine.swift */,
				A2000000000000000000000E /* FramePacketBuilder.swift */,
				A2000000000000000000000F /* DiagnosticJournal.swift */,
				B20000000000000000000002 /* EvidenceExporter.swift */,
				B20000000000000000000003 /* DiagnosticChecklistView.swift */,
				A20000000000000000000005 /* Info.plist */,
			);
			path = ReRoomDeviceProof;
			sourceTree = "<group>";
		};
		A80000000000000000000003 /* ReRoomDeviceProofTests */ = {
			isa = PBXGroup;
			children = (
				F20000000000000000000002 /* RoomEditModelTests.swift */,
				E20000000000000000000001 /* CaptureSessionAdapterTests.swift */,
				A20000000000000000000006 /* ARSessionPolicyTests.swift */,
				A2000000000000000000000C /* CaptureAttemptTests.swift */,
				A2000000000000000000000D /* WorldEpochTests.swift */,
				B20000000000000000000001 /* EvidenceExporterTests.swift */,
				D20000000000000000000001 /* ReleaseSmokeTests.swift */,
			);
			path = ReRoomDeviceProofTests;
			sourceTree = "<group>";
		};
		A80000000000000000000004 /* Products */ = {
			isa = PBXGroup;
			children = (
				A20000000000000000000007 /* ReRoomDeviceProof.app */,
				A20000000000000000000008 /* ReRoomDeviceProofTests.xctest */,
				C20000000000000000000002 /* ReRoomDeviceProofUITests.xctest */,
			);
			name = Products;
			sourceTree = "<group>";
		};
		A80000000000000000000005 /* Contract Test Resources */ = {
			isa = PBXGroup;
			children = (
				A20000000000000000000010 /* frame-packet.schema.json */,
				A20000000000000000000011 /* rrcap-manifest.schema.json */,
				A20000000000000000000012 /* scene-state.schema.json */,
				A20000000000000000000013 /* edit-artifacts.schema.json */,
				A20000000000000000000014 /* transaction.schema.json */,
			);
			name = "Contract Test Resources";
			sourceTree = "<group>";
		};
		C80000000000000000000001 /* ReRoomDeviceProofUITests */ = {
			isa = PBXGroup;
			children = (
				C20000000000000000000001 /* DiagnosticSurfaceTests.swift */,
			);
			path = ReRoomDeviceProofUITests;
			sourceTree = "<group>";
		};
/* End PBXGroup section */

/* Begin PBXNativeTarget section */
		A60000000000000000000001 /* ReRoomDeviceProof */ = {
			isa = PBXNativeTarget;
			buildConfigurationList = A90000000000000000000001 /* Build configuration list for PBXNativeTarget "ReRoomDeviceProof" */;
			buildPhases = (
				AA0000000000000000000001 /* Sources */,
				A70000000000000000000001 /* Frameworks */,
				AB0000000000000000000001 /* Resources */,
				BA0000000000000000000001 /* Embed Debug Build Provenance */,
			);
			buildRules = (
			);
			dependencies = (
			);
			name = ReRoomDeviceProof;
			packageProductDependencies = (
				A30000000000000000000001 /* ReRoomContracts */,
				E30000000000000000000001 /* ReRoomCaptureCore */,
				F30000000000000000000001 /* ReRoomTransactionCore */,
			);
			productName = ReRoomDeviceProof;
			productReference = A20000000000000000000007 /* ReRoomDeviceProof.app */;
			productType = "com.apple.product-type.application";
		};
		A60000000000000000000002 /* ReRoomDeviceProofTests */ = {
			isa = PBXNativeTarget;
			buildConfigurationList = A90000000000000000000002 /* Build configuration list for PBXNativeTarget "ReRoomDeviceProofTests" */;
			buildPhases = (
				AA0000000000000000000002 /* Sources */,
				A70000000000000000000002 /* Frameworks */,
				AB0000000000000000000002 /* Resources */,
			);
			buildRules = (
			);
			dependencies = (
				AC0000000000000000000001 /* PBXTargetDependency */,
			);
			name = ReRoomDeviceProofTests;
			productName = ReRoomDeviceProofTests;
			productReference = A20000000000000000000008 /* ReRoomDeviceProofTests.xctest */;
			productType = "com.apple.product-type.bundle.unit-test";
		};
		C60000000000000000000001 /* ReRoomDeviceProofUITests */ = {
			isa = PBXNativeTarget;
			buildConfigurationList = C90000000000000000000001 /* Build configuration list for PBXNativeTarget "ReRoomDeviceProofUITests" */;
			buildPhases = (
				CA0000000000000000000001 /* Sources */,
				C70000000000000000000001 /* Frameworks */,
				CB0000000000000000000001 /* Resources */,
			);
			buildRules = (
			);
			dependencies = (
				CC0000000000000000000001 /* PBXTargetDependency */,
			);
			name = ReRoomDeviceProofUITests;
			productName = ReRoomDeviceProofUITests;
			productReference = C20000000000000000000002 /* ReRoomDeviceProofUITests.xctest */;
			productType = "com.apple.product-type.bundle.ui-testing";
		};
/* End PBXNativeTarget section */

/* Begin PBXProject section */
		A50000000000000000000001 /* Project object */ = {
			isa = PBXProject;
			attributes = {
				BuildIndependentTargetsInParallel = 1;
				LastSwiftUpdateCheck = 2640;
				LastUpgradeCheck = 2640;
				TargetAttributes = {
					A60000000000000000000001 = {
						CreatedOnToolsVersion = 26.4;
					};
					A60000000000000000000002 = {
						CreatedOnToolsVersion = 26.4;
						TestTargetID = A60000000000000000000001;
					};
					C60000000000000000000001 = {
						CreatedOnToolsVersion = 26.4;
						TestTargetID = A60000000000000000000001;
					};
				};
			};
			buildConfigurationList = A90000000000000000000003 /* Build configuration list for PBXProject "ReRoomDeviceProof" */;
			developmentRegion = en;
			hasScannedForEncodings = 0;
			knownRegions = (
				en,
				Base,
			);
			mainGroup = A80000000000000000000001;
			minimizedProjectReferenceProxies = 1;
			packageReferences = (
				AD0000000000000000000001 /* XCLocalSwiftPackageReference "../Packages/ReRoomContracts" */,
			);
			preferredProjectObjectVersion = 77;
			productRefGroup = A80000000000000000000004 /* Products */;
			projectDirPath = "";
			projectRoot = "";
			targets = (
				A60000000000000000000001 /* ReRoomDeviceProof */,
				A60000000000000000000002 /* ReRoomDeviceProofTests */,
				C60000000000000000000001 /* ReRoomDeviceProofUITests */,
			);
		};
/* End PBXProject section */

/* Begin PBXResourcesBuildPhase section */
		AB0000000000000000000001 /* Resources */ = {
			isa = PBXResourcesBuildPhase;
			buildActionMask = 2147483647;
			files = (
				A10000000000000000000013 /* frame-packet.schema.json in App Resources */,
				A10000000000000000000014 /* rrcap-manifest.schema.json in App Resources */,
				A10000000000000000000015 /* scene-state.schema.json in App Resources */,
				A10000000000000000000016 /* edit-artifacts.schema.json in App Resources */,
				A10000000000000000000017 /* transaction.schema.json in App Resources */,
			);
			runOnlyForDeploymentPostprocessing = 0;
		};
		AB0000000000000000000002 /* Resources */ = {
			isa = PBXResourcesBuildPhase;
			buildActionMask = 2147483647;
			files = (
				A1000000000000000000000E /* frame-packet.schema.json in Resources */,
				A1000000000000000000000F /* rrcap-manifest.schema.json in Resources */,
				A10000000000000000000010 /* scene-state.schema.json in Resources */,
				A10000000000000000000011 /* edit-artifacts.schema.json in Resources */,
				A10000000000000000000012 /* transaction.schema.json in Resources */,
			);
			runOnlyForDeploymentPostprocessing = 0;
		};
		CB0000000000000000000001 /* Resources */ = {
			isa = PBXResourcesBuildPhase;
			buildActionMask = 2147483647;
			files = (
			);
			runOnlyForDeploymentPostprocessing = 0;
		};
/* End PBXResourcesBuildPhase section */

/* Begin PBXShellScriptBuildPhase section */
		BA0000000000000000000001 /* Embed Debug Build Provenance */ = {
			isa = PBXShellScriptBuildPhase;
			alwaysOutOfDate = 1;
			buildActionMask = 2147483647;
			files = (
			);
			inputFileListPaths = (
			);
			inputPaths = (
			);
			name = "Embed Debug Build Provenance";
			outputFileListPaths = (
			);
			outputPaths = (
			);
			runOnlyForDeploymentPostprocessing = 0;
			shellPath = /bin/sh;
			shellScript = "/bin/sh \"${SRCROOT}/../../scripts/embed-ios-build-provenance\"\n";
			showEnvVarsInLog = 0;
		};
/* End PBXShellScriptBuildPhase section */

/* Begin PBXSourcesBuildPhase section */
		AA0000000000000000000001 /* Sources */ = {
			isa = PBXSourcesBuildPhase;
			buildActionMask = 2147483647;
			files = (
				A10000000000000000000001 /* App.swift in Sources */,
				F10000000000000000000001 /* RoomEditModel.swift in Sources */,
				E10000000000000000000004 /* CaptureSessionAdapter.swift in Sources */,
				A10000000000000000000002 /* DeviceProofModel.swift in Sources */,
				A10000000000000000000005 /* PermissionController.swift in Sources */,
				A10000000000000000000006 /* ARSessionController.swift in Sources */,
				A10000000000000000000007 /* OrientationGate.swift in Sources */,
				A10000000000000000000008 /* WorldEpochController.swift in Sources */,
				A10000000000000000000009 /* CaptureAttemptMachine.swift in Sources */,
				A1000000000000000000000C /* FramePacketBuilder.swift in Sources */,
				A1000000000000000000000D /* DiagnosticJournal.swift in Sources */,
				B10000000000000000000002 /* EvidenceExporter.swift in Sources */,
				B10000000000000000000003 /* DiagnosticChecklistView.swift in Sources */,
			);
			runOnlyForDeploymentPostprocessing = 0;
		};
		AA0000000000000000000002 /* Sources */ = {
			isa = PBXSourcesBuildPhase;
			buildActionMask = 2147483647;
			files = (
				F10000000000000000000002 /* RoomEditModelTests.swift in Sources */,
				E10000000000000000000001 /* CaptureSessionAdapterTests.swift in Sources */,
				A10000000000000000000004 /* ARSessionPolicyTests.swift in Sources */,
				A1000000000000000000000A /* CaptureAttemptTests.swift in Sources */,
				A1000000000000000000000B /* WorldEpochTests.swift in Sources */,
				B10000000000000000000001 /* EvidenceExporterTests.swift in Sources */,
				D10000000000000000000001 /* ReleaseSmokeTests.swift in Sources */,
			);
			runOnlyForDeploymentPostprocessing = 0;
		};
		CA0000000000000000000001 /* Sources */ = {
			isa = PBXSourcesBuildPhase;
			buildActionMask = 2147483647;
			files = (
				C10000000000000000000001 /* DiagnosticSurfaceTests.swift in Sources */,
			);
			runOnlyForDeploymentPostprocessing = 0;
		};
/* End PBXSourcesBuildPhase section */

/* Begin PBXTargetDependency section */
		AC0000000000000000000001 /* PBXTargetDependency */ = {
			isa = PBXTargetDependency;
			target = A60000000000000000000001 /* ReRoomDeviceProof */;
			targetProxy = A40000000000000000000001 /* PBXContainerItemProxy */;
		};
		CC0000000000000000000001 /* PBXTargetDependency */ = {
			isa = PBXTargetDependency;
			target = A60000000000000000000001 /* ReRoomDeviceProof */;
			targetProxy = C40000000000000000000001 /* PBXContainerItemProxy */;
		};
/* End PBXTargetDependency section */

/* Begin XCBuildConfiguration section */
		AE0000000000000000000001 /* Debug */ = {
			isa = XCBuildConfiguration;
			buildSettings = {
				BUNDLE_LOADER = "";
				CODE_SIGN_STYLE = Automatic;
				CURRENT_PROJECT_VERSION = 1;
				DEVELOPMENT_TEAM = "";
				GENERATE_INFOPLIST_FILE = NO;
				INFOPLIST_FILE = ReRoomDeviceProof/Info.plist;
				IPHONEOS_DEPLOYMENT_TARGET = 26.0;
				LD_RUNPATH_SEARCH_PATHS = (
					"$(inherited)",
					"@executable_path/Frameworks",
				);
				MARKETING_VERSION = 0.1.0;
				PRODUCT_BUNDLE_IDENTIFIER = com.reroom.deviceproof;
				PRODUCT_NAME = "$(TARGET_NAME)";
				SUPPORTED_PLATFORMS = "iphoneos iphonesimulator";
				SUPPORTS_MACCATALYST = NO;
				SWIFT_ACTIVE_COMPILATION_CONDITIONS = "DEBUG $(inherited)";
				SWIFT_EMIT_LOC_STRINGS = YES;
				SWIFT_VERSION = 6.0;
				TARGETED_DEVICE_FAMILY = 1;
			};
			name = Debug;
		};
		AE0000000000000000000002 /* Release */ = {
			isa = XCBuildConfiguration;
			buildSettings = {
				CODE_SIGN_STYLE = Automatic;
				CURRENT_PROJECT_VERSION = 1;
				DEVELOPMENT_TEAM = "";
				EXCLUDED_SOURCE_FILE_NAMES = (
					DiagnosticChecklistView.swift,
					EvidenceExporter.swift,
				);
				GENERATE_INFOPLIST_FILE = NO;
				INFOPLIST_FILE = ReRoomDeviceProof/Info.plist;
				IPHONEOS_DEPLOYMENT_TARGET = 26.0;
				LD_RUNPATH_SEARCH_PATHS = (
					"$(inherited)",
					"@executable_path/Frameworks",
				);
				MARKETING_VERSION = 0.1.0;
				PRODUCT_BUNDLE_IDENTIFIER = com.reroom.deviceproof;
				PRODUCT_NAME = "$(TARGET_NAME)";
				SUPPORTED_PLATFORMS = "iphoneos iphonesimulator";
				SUPPORTS_MACCATALYST = NO;
				SWIFT_EMIT_LOC_STRINGS = YES;
				SWIFT_VERSION = 6.0;
				TARGETED_DEVICE_FAMILY = 1;
				VALIDATE_PRODUCT = YES;
			};
			name = Release;
		};
		AE0000000000000000000003 /* Debug */ = {
			isa = XCBuildConfiguration;
			buildSettings = {
				BUNDLE_LOADER = "$(TEST_HOST)";
				CODE_SIGN_STYLE = Automatic;
				GENERATE_INFOPLIST_FILE = YES;
				IPHONEOS_DEPLOYMENT_TARGET = 26.0;
				LD_RUNPATH_SEARCH_PATHS = (
					"$(inherited)",
					"@executable_path/Frameworks",
					"@loader_path/Frameworks",
				);
				PRODUCT_BUNDLE_IDENTIFIER = com.reroom.deviceproof.tests;
				PRODUCT_NAME = "$(TARGET_NAME)";
				SUPPORTED_PLATFORMS = "iphoneos iphonesimulator";
				SWIFT_ACTIVE_COMPILATION_CONDITIONS = "DEBUG $(inherited)";
				SWIFT_VERSION = 6.0;
				TARGETED_DEVICE_FAMILY = 1;
				TEST_HOST = "$(BUILT_PRODUCTS_DIR)/ReRoomDeviceProof.app/$(BUNDLE_EXECUTABLE_FOLDER_PATH)/ReRoomDeviceProof";
			};
			name = Debug;
		};
		AE0000000000000000000004 /* Release */ = {
			isa = XCBuildConfiguration;
			buildSettings = {
				BUNDLE_LOADER = "$(TEST_HOST)";
				CODE_SIGN_STYLE = Automatic;
				EXCLUDED_SOURCE_FILE_NAMES = (
					ARSessionPolicyTests.swift,
					CaptureAttemptTests.swift,
					CaptureSessionAdapterTests.swift,
					EvidenceExporterTests.swift,
					WorldEpochTests.swift,
				);
				GENERATE_INFOPLIST_FILE = YES;
				IPHONEOS_DEPLOYMENT_TARGET = 26.0;
				LD_RUNPATH_SEARCH_PATHS = (
					"$(inherited)",
					"@executable_path/Frameworks",
					"@loader_path/Frameworks",
				);
				PRODUCT_BUNDLE_IDENTIFIER = com.reroom.deviceproof.tests;
				PRODUCT_NAME = "$(TARGET_NAME)";
				SUPPORTED_PLATFORMS = "iphoneos iphonesimulator";
				SWIFT_VERSION = 6.0;
				TARGETED_DEVICE_FAMILY = 1;
				TEST_HOST = "$(BUILT_PRODUCTS_DIR)/ReRoomDeviceProof.app/$(BUNDLE_EXECUTABLE_FOLDER_PATH)/ReRoomDeviceProof";
			};
			name = Release;
		};
		AE0000000000000000000005 /* Debug */ = {
			isa = XCBuildConfiguration;
			buildSettings = {
				ALWAYS_SEARCH_USER_PATHS = NO;
				CLANG_ENABLE_MODULES = YES;
				CLANG_ENABLE_OBJC_ARC = YES;
				COPY_PHASE_STRIP = NO;
				DEBUG_INFORMATION_FORMAT = dwarf;
				ENABLE_TESTABILITY = YES;
				GCC_C_LANGUAGE_STANDARD = gnu17;
				GCC_OPTIMIZATION_LEVEL = 0;
				IPHONEOS_DEPLOYMENT_TARGET = 26.0;
				MTL_ENABLE_DEBUG_INFO = INCLUDE_SOURCE;
				ONLY_ACTIVE_ARCH = YES;
				SDKROOT = iphoneos;
				SWIFT_OPTIMIZATION_LEVEL = "-Onone";
			};
			name = Debug;
		};
		AE0000000000000000000006 /* Release */ = {
			isa = XCBuildConfiguration;
			buildSettings = {
				ALWAYS_SEARCH_USER_PATHS = NO;
				CLANG_ENABLE_MODULES = YES;
				CLANG_ENABLE_OBJC_ARC = YES;
				COPY_PHASE_STRIP = YES;
				DEBUG_INFORMATION_FORMAT = "dwarf-with-dsym";
				ENABLE_NS_ASSERTIONS = NO;
				GCC_C_LANGUAGE_STANDARD = gnu17;
				IPHONEOS_DEPLOYMENT_TARGET = 26.0;
				MTL_ENABLE_DEBUG_INFO = NO;
				SDKROOT = iphoneos;
				SWIFT_COMPILATION_MODE = wholemodule;
			};
			name = Release;
		};
		CE0000000000000000000001 /* Debug */ = {
			isa = XCBuildConfiguration;
			buildSettings = {
				CODE_SIGN_STYLE = Automatic;
				GENERATE_INFOPLIST_FILE = YES;
				IPHONEOS_DEPLOYMENT_TARGET = 26.0;
				LD_RUNPATH_SEARCH_PATHS = (
					"$(inherited)",
					"@executable_path/Frameworks",
					"@loader_path/Frameworks",
				);
				PRODUCT_BUNDLE_IDENTIFIER = com.reroom.deviceproof.uitests;
				PRODUCT_NAME = "$(TARGET_NAME)";
				SUPPORTED_PLATFORMS = "iphoneos iphonesimulator";
				SWIFT_ACTIVE_COMPILATION_CONDITIONS = "DEBUG $(inherited)";
				SWIFT_VERSION = 6.0;
				TARGETED_DEVICE_FAMILY = 1;
				TEST_TARGET_NAME = ReRoomDeviceProof;
			};
			name = Debug;
		};
		CE0000000000000000000002 /* Release */ = {
			isa = XCBuildConfiguration;
			buildSettings = {
				CODE_SIGN_STYLE = Automatic;
				GENERATE_INFOPLIST_FILE = YES;
				IPHONEOS_DEPLOYMENT_TARGET = 26.0;
				LD_RUNPATH_SEARCH_PATHS = (
					"$(inherited)",
					"@executable_path/Frameworks",
					"@loader_path/Frameworks",
				);
				PRODUCT_BUNDLE_IDENTIFIER = com.reroom.deviceproof.uitests;
				PRODUCT_NAME = "$(TARGET_NAME)";
				SUPPORTED_PLATFORMS = "iphoneos iphonesimulator";
				SWIFT_VERSION = 6.0;
				TARGETED_DEVICE_FAMILY = 1;
				TEST_TARGET_NAME = ReRoomDeviceProof;
			};
			name = Release;
		};
/* End XCBuildConfiguration section */

/* Begin XCConfigurationList section */
		A90000000000000000000001 /* Build configuration list for PBXNativeTarget "ReRoomDeviceProof" */ = {
			isa = XCConfigurationList;
			buildConfigurations = (
				AE0000000000000000000001 /* Debug */,
				AE0000000000000000000002 /* Release */,
			);
			defaultConfigurationIsVisible = 0;
			defaultConfigurationName = Release;
		};
		A90000000000000000000002 /* Build configuration list for PBXNativeTarget "ReRoomDeviceProofTests" */ = {
			isa = XCConfigurationList;
			buildConfigurations = (
				AE0000000000000000000003 /* Debug */,
				AE0000000000000000000004 /* Release */,
			);
			defaultConfigurationIsVisible = 0;
			defaultConfigurationName = Release;
		};
		A90000000000000000000003 /* Build configuration list for PBXProject "ReRoomDeviceProof" */ = {
			isa = XCConfigurationList;
			buildConfigurations = (
				AE0000000000000000000005 /* Debug */,
				AE0000000000000000000006 /* Release */,
			);
			defaultConfigurationIsVisible = 0;
			defaultConfigurationName = Release;
		};
		C90000000000000000000001 /* Build configuration list for PBXNativeTarget "ReRoomDeviceProofUITests" */ = {
			isa = XCConfigurationList;
			buildConfigurations = (
				CE0000000000000000000001 /* Debug */,
				CE0000000000000000000002 /* Release */,
			);
			defaultConfigurationIsVisible = 0;
			defaultConfigurationName = Release;
		};
/* End XCConfigurationList section */

/* Begin XCLocalSwiftPackageReference section */
		AD0000000000000000000001 /* XCLocalSwiftPackageReference "../Packages/ReRoomContracts" */ = {
			isa = XCLocalSwiftPackageReference;
			relativePath = ../Packages/ReRoomContracts;
		};
/* End XCLocalSwiftPackageReference section */

/* Begin XCSwiftPackageProductDependency section */
		A30000000000000000000001 /* ReRoomContracts */ = {
			isa = XCSwiftPackageProductDependency;
			package = AD0000000000000000000001 /* XCLocalSwiftPackageReference "../Packages/ReRoomContracts" */;
			productName = ReRoomContracts;
		};
		E30000000000000000000001 /* ReRoomCaptureCore */ = {
			isa = XCSwiftPackageProductDependency;
			package = AD0000000000000000000001 /* XCLocalSwiftPackageReference "../Packages/ReRoomContracts" */;
			productName = ReRoomCaptureCore;
		};
		F30000000000000000000001 /* ReRoomTransactionCore */ = {
			isa = XCSwiftPackageProductDependency;
			package = AD0000000000000000000001 /* XCLocalSwiftPackageReference "../Packages/ReRoomContracts" */;
			productName = ReRoomTransactionCore;
		};
/* End XCSwiftPackageProductDependency section */
	};
	rootObject = A50000000000000000000001 /* Project object */;
}
